
Microsoft Visual Studio Solution File, Format Version 12.00
# Visual Studio 15
VisualStudioVersion = 15.0.28307.705
MinimumVisualStudioVersion = 10.0.40219.1
Project("{9A19103F-16F7-4668-BE54-9A1E7A4F7556}") = "ResourceApi", "ResourceApi\ResourceApi.csproj", "{5850CCBD-9C4F-4DBC-A23E-17854A3D22C6}"
EndProject
Project("{FAE04EC0-301F-11D3-BF4B-00C04F79EFBC}") = "MVCClient", "MVCClient\MVCClient.csproj", "{3180155F-248A-49A5-9C3E-D3AFD0CAC1C7}"
EndProject
Global
	GlobalSection(SolutionConfigurationPlatforms) = preSolution
		Debug|Any CPU = Debug|Any CPU
		Release|Any CPU = Release|Any CPU
	EndGlobalSection
	GlobalSection(ProjectConfigurationPlatforms) = postSolution
		{5850CCBD-9C4F-4DBC-A23E-17854A3D22C6}.Debug|Any CPU.ActiveCfg = Debug|Any CPU
		{5850CCBD-9C4F-4DBC-A23E-17854A3D22C6}.Debug|Any CPU.Build.0 = Debug|Any CPU
		{5850CCBD-9C4F-4DBC-A23E-17854A3D22C6}.Release|Any CPU.ActiveCfg = Release|Any CPU
		{5850CCBD-9C4F-4DBC-A23E-17854A3D22C6}.Release|Any CPU.Build.0 = Release|Any CPU
		{3180155F-248A-49A5-9C3E-D3AFD0CAC1C7}.Debug|Any CPU.ActiveCfg = Debug|Any CPU
		{3180155F-248A-49A5-9C3E-D3AFD0CAC1C7}.Debug|Any CPU.Build.0 = Debug|Any CPU
		{3180155F-248A-49A5-9C3E-D3AFD0CAC1C7}.Release|Any CPU.ActiveCfg = Release|Any CPU
		{3180155F-248A-49A5-9C3E-D3AFD0CAC1C7}.Release|Any CPU.Build.0 = Release|Any CPU
	EndGlobalSection
	GlobalSection(SolutionProperties) = preSolution
		HideSolutionNode = FALSE
	EndGlobalSection
	GlobalSection(ExtensibilityGlobals) = postSolution
		SolutionGuid = {BB37F38D-5789-4C70-B84A-61119630F6D5}
	EndGlobalSection
EndGlobal
